
Microsoft Visual Studio Solution File, Format Version 12.00
# Visual Studio 14
VisualStudioVersion = 14.0.24720.0
MinimumVisualStudioVersion = 10.0.40219.1
Project("{8BC9CEB8-8B4A-11D0-8D11-00A0C91BC942}") = "lindenmayer-system", "lindenmayer-system\lindenmayer-system.vcxproj", "{C24229BF-ECAB-432A-94B3-CDAB3A8D5AA5}"
EndProject
Project("{8BC9CEB8-8B4A-11D0-8D11-00A0C91BC942}") = "expression-evaluator-test", "expression-evaluator-test\expression-evaluator-test.vcxproj", "{DCF94A24-936C-4B10-8437-789773C9B737}"
EndProject
Project("{8BC9CEB8-8B4A-11D0-8D11-00A0C91BC942}") = "lindenmayer-system-test", "lindenmayer-system-test\lindenmayer-system-test.vcxproj", "{2E1ABC99-75D6-4556-8E87-9B866BFF9DAF}"
EndProject
Project("{8BC9CEB8-8B4A-11D0-8D11-00A0C91BC942}") = "expression-evaluator", "expression-evaluator\expression-evaluator.vcxproj", "{65BACFFE-B5FA-4372-99BD-18DD9C46F901}"
EndProject
Project("{8BC9CEB8-8B4A-11D0-8D11-00A0C91BC942}") = "geometry-generator", "geometry-generator\geometry-generator.vcxproj", "{52AA28D3-095B-4E1B-9B14-8E8BF72EA522}"
EndProject
Project("{8BC9CEB8-8B4A-11D0-8D11-00A0C91BC942}") = "geometry-generator-test", "geometry-generator-test\geometry-generator-test.vcxproj", "{90B11EC1-509B-47DD-AFB7-FD4F67AD2FCB}"
EndProject
Global
	GlobalSection(SolutionConfigurationPlatforms) = preSolution
		Debug|x64 = Debug|x64
		Debug|x86 = Debug|x86
		Release|x64 = Release|x64
		Release|x86 = Release|x86
	EndGlobalSection
	GlobalSection(ProjectConfigurationPlatforms) = postSolution
		{C24229BF-ECAB-432A-94B3-CDAB3A8D5AA5}.Debug|x64.ActiveCfg = Debug|x64
		{C24229BF-ECAB-432A-94B3-CDAB3A8D5AA5}.Debug|x64.Build.0 = Debug|x64
		{C24229BF-ECAB-432A-94B3-CDAB3A8D5AA5}.Debug|x86.ActiveCfg = Debug|Win32
		{C24229BF-ECAB-432A-94B3-CDAB3A8D5AA5}.Debug|x86.Build.0 = Debug|Win32
		{C24229BF-ECAB-432A-94B3-CDAB3A8D5AA5}.Release|x64.ActiveCfg = Release|x64
		{C24229BF-ECAB-432A-94B3-CDAB3A8D5AA5}.Release|x64.Build.0 = Release|x64
		{C24229BF-ECAB-432A-94B3-CDAB3A8D5AA5}.Release|x86.ActiveCfg = Release|Win32
		{C24229BF-ECAB-432A-94B3-CDAB3A8D5AA5}.Release|x86.Build.0 = Release|Win32
		{DCF94A24-936C-4B10-8437-789773C9B737}.Debug|x64.ActiveCfg = Debug|x64
		{DCF94A24-936C-4B10-8437-789773C9B737}.Debug|x64.Build.0 = Debug|x64
		{DCF94A24-936C-4B10-8437-789773C9B737}.Debug|x86.ActiveCfg = Debug|Win32
		{DCF94A24-936C-4B10-8437-789773C9B737}.Debug|x86.Build.0 = Debug|Win32
		{DCF94A24-936C-4B10-8437-789773C9B737}.Release|x64.ActiveCfg = Release|x64
		{DCF94A24-936C-4B10-8437-789773C9B737}.Release|x64.Build.0 = Release|x64
		{DCF94A24-936C-4B10-8437-789773C9B737}.Release|x86.ActiveCfg = Release|Win32
		{DCF94A24-936C-4B10-8437-789773C9B737}.Release|x86.Build.0 = Release|Win32
		{2E1ABC99-75D6-4556-8E87-9B866BFF9DAF}.Debug|x64.ActiveCfg = Debug|x64
		{2E1ABC99-75D6-4556-8E87-9B866BFF9DAF}.Debug|x64.Build.0 = Debug|x64
		{2E1ABC99-75D6-4556-8E87-9B866BFF9DAF}.Debug|x86.ActiveCfg = Debug|Win32
		{2E1ABC99-75D6-4556-8E87-9B866BFF9DAF}.Debug|x86.Build.0 = Debug|Win32
		{2E1ABC99-75D6-4556-8E87-9B866BFF9DAF}.Release|x64.ActiveCfg = Release|x64
		{2E1ABC99-75D6-4556-8E87-9B866BFF9DAF}.Release|x64.Build.0 = Release|x64
		{2E1ABC99-75D6-4556-8E87-9B866BFF9DAF}.Release|x86.ActiveCfg = Release|Win32
		{2E1ABC99-75D6-4556-8E87-9B866BFF9DAF}.Release|x86.Build.0 = Release|Win32
		{65BACFFE-B5FA-4372-99BD-18DD9C46F901}.Debug|x64.ActiveCfg = Debug|x64
		{65BACFFE-B5FA-4372-99BD-18DD9C46F901}.Debug|x64.Build.0 = Debug|x64
		{65BACFFE-B5FA-4372-99BD-18DD9C46F901}.Debug|x86.ActiveCfg = Debug|Win32
		{65BACFFE-B5FA-4372-99BD-18DD9C46F901}.Debug|x86.Build.0 = Debug|Win32
		{65BACFFE-B5FA-4372-99BD-18DD9C46F901}.Release|x64.ActiveCfg = Release|x64
		{65BACFFE-B5FA-4372-99BD-18DD9C46F901}.Release|x64.Build.0 = Release|x64
		{65BACFFE-B5FA-4372-99BD-18DD9C46F901}.Release|x86.ActiveCfg = Release|Win32
		{65BACFFE-B5FA-4372-99BD-18DD9C46F901}.Release|x86.Build.0 = Release|Win32
		{52AA28D3-095B-4E1B-9B14-8E8BF72EA522}.Debug|x64.ActiveCfg = Debug|x64
		{52AA28D3-095B-4E1B-9B14-8E8BF72EA522}.Debug|x64.Build.0 = Debug|x64
		{52AA28D3-095B-4E1B-9B14-8E8BF72EA522}.Debug|x86.ActiveCfg = Debug|Win32
		{52AA28D3-095B-4E1B-9B14-8E8BF72EA522}.Debug|x86.Build.0 = Debug|Win32
		{52AA28D3-095B-4E1B-9B14-8E8BF72EA522}.Release|x64.ActiveCfg = Release|x64
		{52AA28D3-095B-4E1B-9B14-8E8BF72EA522}.Release|x64.Build.0 = Release|x64
		{52AA28D3-095B-4E1B-9B14-8E8BF72EA522}.Release|x86.ActiveCfg = Release|Win32
		{52AA28D3-095B-4E1B-9B14-8E8BF72EA522}.Release|x86.Build.0 = Release|Win32
		{90B11EC1-509B-47DD-AFB7-FD4F67AD2FCB}.Debug|x64.ActiveCfg = Debug|x64
		{90B11EC1-509B-47DD-AFB7-FD4F67AD2FCB}.Debug|x64.Build.0 = Debug|x64
		{90B11EC1-509B-47DD-AFB7-FD4F67AD2FCB}.Debug|x86.ActiveCfg = Debug|Win32
		{90B11EC1-509B-47DD-AFB7-FD4F67AD2FCB}.Debug|x86.Build.0 = Debug|Win32
		{90B11EC1-509B-47DD-AFB7-FD4F67AD2FCB}.Release|x64.ActiveCfg = Release|x64
		{90B11EC1-509B-47DD-AFB7-FD4F67AD2FCB}.Release|x64.Build.0 = Release|x64
		{90B11EC1-509B-47DD-AFB7-FD4F67AD2FCB}.Release|x86.ActiveCfg = Release|Win32
		{90B11EC1-509B-47DD-AFB7-FD4F67AD2FCB}.Release|x86.Build.0 = Release|Win32
	EndGlobalSection
	GlobalSection(SolutionProperties) = preSolution
		HideSolutionNode = FALSE
	EndGlobalSection
EndGlobal
