<?xml version="1.0" encoding="utf-8"?>
<Project ToolsVersion="4.0" xmlns="http://schemas.microsoft.com/developer/msbuild/2003">
  <ItemGroup>
    <Filter Include="Source Files">
      <UniqueIdentifier>{4FC737F1-C7A5-4376-A066-2A32D752A2FF}</UniqueIdentifier>
      <Extensions>cpp;c;cc;cxx;def;odl;idl;hpj;bat;asm;asmx</Extensions>
    </Filter>
    <Filter Include="Header Files">
      <UniqueIdentifier>{93995380-89BD-4b04-88EB-625FBE52EBFB}</UniqueIdentifier>
      <Extensions>h;hh;hpp;hxx;hm;inl;inc;xsd</Extensions>
    </Filter>
    <Filter Include="Resource Files">
      <UniqueIdentifier>{67DA6AB6-F800-4c08-8B7A-83BB121AAD01}</UniqueIdentifier>
      <Extensions>rc;ico;cur;bmp;dlg;rc2;rct;bin;rgs;gif;jpg;jpeg;jpe;resx;tiff;tif;png;wav;mfcribbon-ms</Extensions>
    </Filter>
  </ItemGroup>
  <ItemGroup>
    <ClInclude Include="Graph.h">
      <Filter>Header Files</Filter>
    </ClInclude>
    <ClInclude Include="TurtleCommand.h">
      <Filter>Header Files</Filter>
    </ClInclude>
    <ClInclude Include="BaseRecorder.h">
      <Filter>Header Files</Filter>
    </ClInclude>
    <ClInclude Include="TurtleCommandFactory.h">
      <Filter>Header Files</Filter>
    </ClInclude>
    <ClInclude Include="ITurtleCommandSet.h">
      <Filter>Header Files</Filter>
    </ClInclude>
    <ClInclude Include="VertexTurtleCommandSet.h">
      <Filter>Header Files</Filter>
    </ClInclude>
    <ClInclude Include="TurtleState.h">
      <Filter>Header Files</Filter>
    </ClInclude>
    <ClInclude Include="GeometryGenerator.h">
      <Filter>Header Files</Filter>
    </ClInclude>
    <ClInclude Include="TurtleFactory.h">
      <Filter>Header Files</Filter>
    </ClInclude>
    <ClInclude Include="LStringInterpreter.h">
      <Filter>Header Files</Filter>
    </ClInclude>
    <ClInclude Include="Turtle.h">
      <Filter>Header Files</Filter>
    </ClInclude>
    <ClInclude Include="RecorderFactory.h">
      <Filter>Header Files</Filter>
    </ClInclude>
    <ClInclude Include="EmptyRecorder.h">
      <Filter>Header Files</Filter>
    </ClInclude>
    <ClInclude Include="RecordInterpreter.h">
      <Filter>Header Files</Filter>
    </ClInclude>
    <ClInclude Include="PointRecorder.h">
      <Filter>Header Files</Filter>
    </ClInclude>
    <ClInclude Include="GraphRecorder.h">
      <Filter>Header Files</Filter>
    </ClInclude>
    <ClInclude Include="Mesh.h">
      <Filter>Header Files</Filter>
    </ClInclude>
    <ClInclude Include="TileTree.h">
      <Filter>Header Files</Filter>
    </ClInclude>
    <ClInclude Include="CrossSection.h">
      <Filter>Header Files</Filter>
    </ClInclude>
    <ClInclude Include="Enums.h">
      <Filter>Header Files</Filter>
    </ClInclude>
    <ClInclude Include="Math.h">
      <Filter>Header Files</Filter>
    </ClInclude>
    <ClInclude Include="TurtleCentricCommandSet.h">
      <Filter>Header Files</Filter>
    </ClInclude>
  </ItemGroup>
  <ItemGroup>
    <ClCompile Include="EmptyRecorder.cpp">
      <Filter>Source Files</Filter>
    </ClCompile>
    <ClCompile Include="GeometryGenerator.cpp">
      <Filter>Source Files</Filter>
    </ClCompile>
    <ClCompile Include="CrossSection.cpp">
      <Filter>Source Files</Filter>
    </ClCompile>
    <ClCompile Include="GraphRecorder.cpp">
      <Filter>Source Files</Filter>
    </ClCompile>
    <ClCompile Include="LStringInterpreter.cpp">
      <Filter>Source Files</Filter>
    </ClCompile>
    <ClCompile Include="PointRecorder.cpp">
      <Filter>Source Files</Filter>
    </ClCompile>
    <ClCompile Include="RecorderFactory.cpp">
      <Filter>Source Files</Filter>
    </ClCompile>
    <ClCompile Include="RecordInterpreter.cpp">
      <Filter>Source Files</Filter>
    </ClCompile>
    <ClCompile Include="TileTree.cpp">
      <Filter>Source Files</Filter>
    </ClCompile>
    <ClCompile Include="Turtle.cpp">
      <Filter>Source Files</Filter>
    </ClCompile>
    <ClCompile Include="TurtleCommand.cpp">
      <Filter>Source Files</Filter>
    </ClCompile>
    <ClCompile Include="TurtleCommandFactory.cpp">
      <Filter>Source Files</Filter>
    </ClCompile>
    <ClCompile Include="TurtleFactory.cpp">
      <Filter>Source Files</Filter>
    </ClCompile>
    <ClCompile Include="TurtleState.cpp">
      <Filter>Source Files</Filter>
    </ClCompile>
    <ClCompile Include="VertexTurtleCommandSet.cpp">
      <Filter>Source Files</Filter>
    </ClCompile>
    <ClCompile Include="TurtleCentricCommandSet.cpp">
      <Filter>Source Files</Filter>
    </ClCompile>
  </ItemGroup>
</Project>