
Microsoft Visual Studio Solution File, Format Version 12.00
# Visual Studio Version 16
VisualStudioVersion = 16.0.29728.190
MinimumVisualStudioVersion = 10.0.40219.1
Project("{FAE04EC0-301F-11D3-BF4B-00C04F79EFBC}") = "fireland15.LindenmayerSystem.Core", "fireland15.LindenmayerSystem.Core\fireland15.LindenmayerSystem.Core.csproj", "{BC029039-BC81-4C32-8227-E370A24A46A9}"
EndProject
Project("{FAE04EC0-301F-11D3-BF4B-00C04F79EFBC}") = "fireland15.LindenmayerSystem.Expressions", "fireland15.LindenmayerSystem.Expressions\fireland15.LindenmayerSystem.Expressions.csproj", "{06D4FE4C-4DF0-483F-A443-D5B10D3133E4}"
EndProject
Project("{FAE04EC0-301F-11D3-BF4B-00C04F79EFBC}") = "fireland15.LindenmayerSystem.Test.Expressions", "fireland15.LindenmayerSystem.Test.Expressions\fireland15.LindenmayerSystem.Test.Expressions.csproj", "{79FCD156-6AA1-4041-AC04-64357302C73E}"
EndProject
Global
	GlobalSection(SolutionConfigurationPlatforms) = preSolution
		Debug|Any CPU = Debug|Any CPU
		Release|Any CPU = Release|Any CPU
	EndGlobalSection
	GlobalSection(ProjectConfigurationPlatforms) = postSolution
		{BC029039-BC81-4C32-8227-E370A24A46A9}.Debug|Any CPU.ActiveCfg = Debug|Any CPU
		{BC029039-BC81-4C32-8227-E370A24A46A9}.Debug|Any CPU.Build.0 = Debug|Any CPU
		{BC029039-BC81-4C32-8227-E370A24A46A9}.Release|Any CPU.ActiveCfg = Release|Any CPU
		{BC029039-BC81-4C32-8227-E370A24A46A9}.Release|Any CPU.Build.0 = Release|Any CPU
		{06D4FE4C-4DF0-483F-A443-D5B10D3133E4}.Debug|Any CPU.ActiveCfg = Debug|Any CPU
		{06D4FE4C-4DF0-483F-A443-D5B10D3133E4}.Debug|Any CPU.Build.0 = Debug|Any CPU
		{06D4FE4C-4DF0-483F-A443-D5B10D3133E4}.Release|Any CPU.ActiveCfg = Release|Any CPU
		{06D4FE4C-4DF0-483F-A443-D5B10D3133E4}.Release|Any CPU.Build.0 = Release|Any CPU
		{79FCD156-6AA1-4041-AC04-64357302C73E}.Debug|Any CPU.ActiveCfg = Debug|Any CPU
		{79FCD156-6AA1-4041-AC04-64357302C73E}.Debug|Any CPU.Build.0 = Debug|Any CPU
		{79FCD156-6AA1-4041-AC04-64357302C73E}.Release|Any CPU.ActiveCfg = Release|Any CPU
		{79FCD156-6AA1-4041-AC04-64357302C73E}.Release|Any CPU.Build.0 = Release|Any CPU
	EndGlobalSection
	GlobalSection(SolutionProperties) = preSolution
		HideSolutionNode = FALSE
	EndGlobalSection
	GlobalSection(ExtensibilityGlobals) = postSolution
		SolutionGuid = {C008F199-FF4B-431D-8DF7-3D44E3718DB0}
	EndGlobalSection
EndGlobal
